
Microsoft Visual Studio Solution File, Format Version 12.00
# Visual Studio Version 17
VisualStudioVersion = 17.5.002.0
MinimumVisualStudioVersion = 10.0.40219.1
Project("{9A19103F-16F7-4668-BE54-9A1E7A4F7556}") = "20231211_Prac02_Okumura", "20231211_Prac02_Okumura.csproj", "{ABD6490F-3767-4439-8DE6-AEBF99236E10}"
EndProject
Global
	GlobalSection(SolutionConfigurationPlatforms) = preSolution
		Debug|Any CPU = Debug|Any CPU
		Release|Any CPU = Release|Any CPU
	EndGlobalSection
	GlobalSection(ProjectConfigurationPlatforms) = postSolution
		{ABD6490F-3767-4439-8DE6-AEBF99236E10}.Debug|Any CPU.ActiveCfg = Debug|Any CPU
		{ABD6490F-3767-4439-8DE6-AEBF99236E10}.Debug|Any CPU.Build.0 = Debug|Any CPU
		{ABD6490F-3767-4439-8DE6-AEBF99236E10}.Release|Any CPU.ActiveCfg = Release|Any CPU
		{ABD6490F-3767-4439-8DE6-AEBF99236E10}.Release|Any CPU.Build.0 = Release|Any CPU
	EndGlobalSection
	GlobalSection(SolutionProperties) = preSolution
		HideSolutionNode = FALSE
	EndGlobalSection
	GlobalSection(ExtensibilityGlobals) = postSolution
		SolutionGuid = {3F5A59FD-E649-4B5A-B1DE-BBC8EBB7A6F5}
	EndGlobalSection
EndGlobal
