
Microsoft Visual Studio Solution File, Format Version 12.00
# Visual Studio Version 17
VisualStudioVersion = 17.5.002.0
MinimumVisualStudioVersion = 10.0.40219.1
Project("{9A19103F-16F7-4668-BE54-9A1E7A4F7556}") = "20231205_Prac02_Okumura", "20231205_Prac02_Okumura.csproj", "{262B2F2B-3CCD-4391-AC3A-347558B2F25A}"
EndProject
Global
	GlobalSection(SolutionConfigurationPlatforms) = preSolution
		Debug|Any CPU = Debug|Any CPU
		Release|Any CPU = Release|Any CPU
	EndGlobalSection
	GlobalSection(ProjectConfigurationPlatforms) = postSolution
		{262B2F2B-3CCD-4391-AC3A-347558B2F25A}.Debug|Any CPU.ActiveCfg = Debug|Any CPU
		{262B2F2B-3CCD-4391-AC3A-347558B2F25A}.Debug|Any CPU.Build.0 = Debug|Any CPU
		{262B2F2B-3CCD-4391-AC3A-347558B2F25A}.Release|Any CPU.ActiveCfg = Release|Any CPU
		{262B2F2B-3CCD-4391-AC3A-347558B2F25A}.Release|Any CPU.Build.0 = Release|Any CPU
	EndGlobalSection
	GlobalSection(SolutionProperties) = preSolution
		HideSolutionNode = FALSE
	EndGlobalSection
	GlobalSection(ExtensibilityGlobals) = postSolution
		SolutionGuid = {BFDE8E2B-722A-4DB2-A750-60B3A1A0D82F}
	EndGlobalSection
EndGlobal
