
Microsoft Visual Studio Solution File, Format Version 12.00
# Visual Studio Version 17
VisualStudioVersion = 17.6.33723.286
MinimumVisualStudioVersion = 10.0.40219.1
Project("{FAE04EC0-301F-11D3-BF4B-00C04F79EFBC}") = "20230619_Prac01", "20230619_Prac01.csproj", "{9511EB2A-9A14-490C-A86F-ABD549B3CE8A}"
EndProject
Global
	GlobalSection(SolutionConfigurationPlatforms) = preSolution
		Debug|Any CPU = Debug|Any CPU
		Release|Any CPU = Release|Any CPU
	EndGlobalSection
	GlobalSection(ProjectConfigurationPlatforms) = postSolution
		{9511EB2A-9A14-490C-A86F-ABD549B3CE8A}.Debug|Any CPU.ActiveCfg = Debug|Any CPU
		{9511EB2A-9A14-490C-A86F-ABD549B3CE8A}.Debug|Any CPU.Build.0 = Debug|Any CPU
		{9511EB2A-9A14-490C-A86F-ABD549B3CE8A}.Release|Any CPU.ActiveCfg = Release|Any CPU
		{9511EB2A-9A14-490C-A86F-ABD549B3CE8A}.Release|Any CPU.Build.0 = Release|Any CPU
	EndGlobalSection
	GlobalSection(SolutionProperties) = preSolution
		HideSolutionNode = FALSE
	EndGlobalSection
	GlobalSection(ExtensibilityGlobals) = postSolution
		SolutionGuid = {AB1FCD93-AFC6-417A-8595-996A92A8D4A0}
	EndGlobalSection
EndGlobal
