
Microsoft Visual Studio Solution File, Format Version 12.00
# Visual Studio Version 17
VisualStudioVersion = 17.5.002.0
MinimumVisualStudioVersion = 10.0.40219.1
Project("{9A19103F-16F7-4668-BE54-9A1E7A4F7556}") = "20231113_Prac01_Okumura", "20231113_Prac01_Okumura.csproj", "{78399E83-9A54-42EC-8A3D-359DF8EC9A0C}"
EndProject
Global
	GlobalSection(SolutionConfigurationPlatforms) = preSolution
		Debug|Any CPU = Debug|Any CPU
		Release|Any CPU = Release|Any CPU
	EndGlobalSection
	GlobalSection(ProjectConfigurationPlatforms) = postSolution
		{78399E83-9A54-42EC-8A3D-359DF8EC9A0C}.Debug|Any CPU.ActiveCfg = Debug|Any CPU
		{78399E83-9A54-42EC-8A3D-359DF8EC9A0C}.Debug|Any CPU.Build.0 = Debug|Any CPU
		{78399E83-9A54-42EC-8A3D-359DF8EC9A0C}.Release|Any CPU.ActiveCfg = Release|Any CPU
		{78399E83-9A54-42EC-8A3D-359DF8EC9A0C}.Release|Any CPU.Build.0 = Release|Any CPU
	EndGlobalSection
	GlobalSection(SolutionProperties) = preSolution
		HideSolutionNode = FALSE
	EndGlobalSection
	GlobalSection(ExtensibilityGlobals) = postSolution
		SolutionGuid = {F6F0FC71-8B22-4D9A-B0B7-DB96946068BC}
	EndGlobalSection
EndGlobal
