
Microsoft Visual Studio Solution File, Format Version 12.00
# Visual Studio Version 17
VisualStudioVersion = 17.6.33723.286
MinimumVisualStudioVersion = 10.0.40219.1
Project("{FAE04EC0-301F-11D3-BF4B-00C04F79EFBC}") = "20230626_Test02_Okumura", "20230626_Test02_Okumura.csproj", "{8D179CFF-8ED7-44A8-A6D1-86DF4787B0D7}"
EndProject
Global
	GlobalSection(SolutionConfigurationPlatforms) = preSolution
		Debug|Any CPU = Debug|Any CPU
		Release|Any CPU = Release|Any CPU
	EndGlobalSection
	GlobalSection(ProjectConfigurationPlatforms) = postSolution
		{8D179CFF-8ED7-44A8-A6D1-86DF4787B0D7}.Debug|Any CPU.ActiveCfg = Debug|Any CPU
		{8D179CFF-8ED7-44A8-A6D1-86DF4787B0D7}.Debug|Any CPU.Build.0 = Debug|Any CPU
		{8D179CFF-8ED7-44A8-A6D1-86DF4787B0D7}.Release|Any CPU.ActiveCfg = Release|Any CPU
		{8D179CFF-8ED7-44A8-A6D1-86DF4787B0D7}.Release|Any CPU.Build.0 = Release|Any CPU
	EndGlobalSection
	GlobalSection(SolutionProperties) = preSolution
		HideSolutionNode = FALSE
	EndGlobalSection
	GlobalSection(ExtensibilityGlobals) = postSolution
		SolutionGuid = {FDD97E19-AF7E-4EA9-BA77-7763C49D19D1}
	EndGlobalSection
EndGlobal
